
Microsoft Visual Studio Solution File, Format Version 12.00
# Visual Studio 2013
VisualStudioVersion = 12.0.21005.1
MinimumVisualStudioVersion = 10.0.40219.1
Project("{FAE04EC0-301F-11D3-BF4B-00C04F79EFBC}") = "101. Declare_Variables", "101. Declare_Variables\101. Declare_Variables.csproj", "{FD8046D6-8AB0-4756-9B58-39CCC5A2F43F}"
EndProject
Project("{FAE04EC0-301F-11D3-BF4B-00C04F79EFBC}") = "102. Float_or_double", "102. Float_or_double\102. Float_or_double.csproj", "{EC53DAC2-C894-49D3-983C-5410282553EA}"
EndProject
Project("{FAE04EC0-301F-11D3-BF4B-00C04F79EFBC}") = "103. Comparing Floats", "103. Comparing Floats\103. Comparing Floats.csproj", "{37D8DC25-823A-439B-ACF0-D213E2151D53}"
EndProject
Project("{FAE04EC0-301F-11D3-BF4B-00C04F79EFBC}") = "104. Variable_In_Hexadecimal_Format", "104. Variable_In_Hexadecimal_Format\104. Variable_In_Hexadecimal_Format.csproj", "{1F6691C3-686B-4ADD-8972-90781162513D}"
EndProject
Project("{FAE04EC0-301F-11D3-BF4B-00C04F79EFBC}") = "105. Unicode_Value", "105. Unicode_Value\105. Unicode_Value.csproj", "{BAC8FE37-95B9-4C36-9BAD-A9E061AE1286}"
EndProject
Project("{FAE04EC0-301F-11D3-BF4B-00C04F79EFBC}") = "106. Boolean_Variable", "106. Boolean_Variable\106. Boolean_Variable.csproj", "{0F9A8950-071C-45C9-AA73-958E54341F21}"
EndProject
Project("{FAE04EC0-301F-11D3-BF4B-00C04F79EFBC}") = "107. Strings_And_Objects", "107. Strings_And_Objects\107. Strings_And_Objects.csproj", "{8247B422-9A9B-4B61-AD91-143355B3D79F}"
EndProject
Project("{FAE04EC0-301F-11D3-BF4B-00C04F79EFBC}") = "108. Quotes_In_Strings", "108. Quotes_In_Strings\108. Quotes_In_Strings.csproj", "{999CFE4C-9977-4342-8C11-682EC3C30A41}"
EndProject
Global
	GlobalSection(SolutionConfigurationPlatforms) = preSolution
		Debug|Any CPU = Debug|Any CPU
		Release|Any CPU = Release|Any CPU
	EndGlobalSection
	GlobalSection(ProjectConfigurationPlatforms) = postSolution
		{FD8046D6-8AB0-4756-9B58-39CCC5A2F43F}.Debug|Any CPU.ActiveCfg = Debug|Any CPU
		{FD8046D6-8AB0-4756-9B58-39CCC5A2F43F}.Debug|Any CPU.Build.0 = Debug|Any CPU
		{FD8046D6-8AB0-4756-9B58-39CCC5A2F43F}.Release|Any CPU.ActiveCfg = Release|Any CPU
		{FD8046D6-8AB0-4756-9B58-39CCC5A2F43F}.Release|Any CPU.Build.0 = Release|Any CPU
		{EC53DAC2-C894-49D3-983C-5410282553EA}.Debug|Any CPU.ActiveCfg = Debug|Any CPU
		{EC53DAC2-C894-49D3-983C-5410282553EA}.Debug|Any CPU.Build.0 = Debug|Any CPU
		{EC53DAC2-C894-49D3-983C-5410282553EA}.Release|Any CPU.ActiveCfg = Release|Any CPU
		{EC53DAC2-C894-49D3-983C-5410282553EA}.Release|Any CPU.Build.0 = Release|Any CPU
		{37D8DC25-823A-439B-ACF0-D213E2151D53}.Debug|Any CPU.ActiveCfg = Debug|Any CPU
		{37D8DC25-823A-439B-ACF0-D213E2151D53}.Debug|Any CPU.Build.0 = Debug|Any CPU
		{37D8DC25-823A-439B-ACF0-D213E2151D53}.Release|Any CPU.ActiveCfg = Release|Any CPU
		{37D8DC25-823A-439B-ACF0-D213E2151D53}.Release|Any CPU.Build.0 = Release|Any CPU
		{1F6691C3-686B-4ADD-8972-90781162513D}.Debug|Any CPU.ActiveCfg = Debug|Any CPU
		{1F6691C3-686B-4ADD-8972-90781162513D}.Debug|Any CPU.Build.0 = Debug|Any CPU
		{1F6691C3-686B-4ADD-8972-90781162513D}.Release|Any CPU.ActiveCfg = Release|Any CPU
		{1F6691C3-686B-4ADD-8972-90781162513D}.Release|Any CPU.Build.0 = Release|Any CPU
		{BAC8FE37-95B9-4C36-9BAD-A9E061AE1286}.Debug|Any CPU.ActiveCfg = Debug|Any CPU
		{BAC8FE37-95B9-4C36-9BAD-A9E061AE1286}.Debug|Any CPU.Build.0 = Debug|Any CPU
		{BAC8FE37-95B9-4C36-9BAD-A9E061AE1286}.Release|Any CPU.ActiveCfg = Release|Any CPU
		{BAC8FE37-95B9-4C36-9BAD-A9E061AE1286}.Release|Any CPU.Build.0 = Release|Any CPU
		{0F9A8950-071C-45C9-AA73-958E54341F21}.Debug|Any CPU.ActiveCfg = Debug|Any CPU
		{0F9A8950-071C-45C9-AA73-958E54341F21}.Debug|Any CPU.Build.0 = Debug|Any CPU
		{0F9A8950-071C-45C9-AA73-958E54341F21}.Release|Any CPU.ActiveCfg = Release|Any CPU
		{0F9A8950-071C-45C9-AA73-958E54341F21}.Release|Any CPU.Build.0 = Release|Any CPU
		{8247B422-9A9B-4B61-AD91-143355B3D79F}.Debug|Any CPU.ActiveCfg = Debug|Any CPU
		{8247B422-9A9B-4B61-AD91-143355B3D79F}.Debug|Any CPU.Build.0 = Debug|Any CPU
		{8247B422-9A9B-4B61-AD91-143355B3D79F}.Release|Any CPU.ActiveCfg = Release|Any CPU
		{8247B422-9A9B-4B61-AD91-143355B3D79F}.Release|Any CPU.Build.0 = Release|Any CPU
		{999CFE4C-9977-4342-8C11-682EC3C30A41}.Debug|Any CPU.ActiveCfg = Debug|Any CPU
		{999CFE4C-9977-4342-8C11-682EC3C30A41}.Debug|Any CPU.Build.0 = Debug|Any CPU
		{999CFE4C-9977-4342-8C11-682EC3C30A41}.Release|Any CPU.ActiveCfg = Release|Any CPU
		{999CFE4C-9977-4342-8C11-682EC3C30A41}.Release|Any CPU.Build.0 = Release|Any CPU
	EndGlobalSection
	GlobalSection(SolutionProperties) = preSolution
		HideSolutionNode = FALSE
	EndGlobalSection
EndGlobal
